{
    "_meta": {
        "hash": {
            "sha256": "9dcdef052a509d638253ba5182200ad8fd38cbfe9dd93934b826ddc041942e43"
        },
        "pipfile-spec": 6,
        "requires": {
            "python_version": "3.13"
        },
        "sources": [
            {
                "name": "pypi",
                "url": "https://pypi.org/simple",
                "verify_ssl": true
            }
        ]
    },
    "default": {
        "amqp": {
            "hashes": [
                "sha256:43b3319e1b4e7d1251833a93d672b4af1e40f3d632d479b98661a95f117880a2",
                "sha256:cddc00c725449522023bad949f70fff7b48f0b1ade74d170a6f10ab044739432"
            ],
            "markers": "python_version >= '3.6'",
            "version": "==5.3.1"
        },
        "bcrypt": {
            "hashes": [
                "sha256:0042b2e342e9ae3d2ed22727c1262f76cc4f345683b5c1715f0250cf4277294f",
                "sha256:0142b2cb84a009f8452c8c5a33ace5e3dfec4159e7735f5afe9a4d50a8ea722d",
                "sha256:08bacc884fd302b611226c01014eca277d48f0a05187666bca23aac0dad6fe24",
                "sha256:0d3efb1157edebfd9128e4e46e2ac1a64e0c1fe46fb023158a407c7892b0f8c3",
                "sha256:0e30e5e67aed0187a1764911af023043b4542e70a7461ad20e837e94d23e1d6c",
                "sha256:107d53b5c67e0bbc3f03ebf5b030e0403d24dda980f8e244795335ba7b4a027d",
                "sha256:12fa6ce40cde3f0b899729dbd7d5e8811cb892d31b6f7d0334a1f37748b789fd",
                "sha256:17a854d9a7a476a89dcef6c8bd119ad23e0f82557afbd2c442777a16408e614f",
                "sha256:191354ebfe305e84f344c5964c7cd5f924a3bfc5d405c75ad07f232b6dffb49f",
                "sha256:2ef6630e0ec01376f59a006dc72918b1bf436c3b571b80fa1968d775fa02fe7d",
                "sha256:3004df1b323d10021fda07a813fd33e0fd57bef0e9a480bb143877f6cba996fe",
                "sha256:335a420cfd63fc5bc27308e929bee231c15c85cc4c496610ffb17923abf7f231",
                "sha256:33752b1ba962ee793fa2b6321404bf20011fe45b9afd2a842139de3011898fef",
                "sha256:3a3fd2204178b6d2adcf09cb4f6426ffef54762577a7c9b54c159008cb288c18",
                "sha256:3b8d62290ebefd49ee0b3ce7500f5dbdcf13b81402c05f6dafab9a1e1b27212f",
                "sha256:3e36506d001e93bffe59754397572f21bb5dc7c83f54454c990c74a468cd589e",
                "sha256:41261d64150858eeb5ff43c753c4b216991e0ae16614a308a15d909503617732",
                "sha256:50e6e80a4bfd23a25f5c05b90167c19030cf9f87930f7cb2eacb99f45d1c3304",
                "sha256:531457e5c839d8caea9b589a1bcfe3756b0547d7814e9ce3d437f17da75c32b0",
                "sha256:55a935b8e9a1d2def0626c4269db3fcd26728cbff1e84f0341465c31c4ee56d8",
                "sha256:57967b7a28d855313a963aaea51bf6df89f833db4320da458e5b3c5ab6d4c938",
                "sha256:584027857bc2843772114717a7490a37f68da563b3620f78a849bcb54dc11e62",
                "sha256:59e1aa0e2cd871b08ca146ed08445038f42ff75968c7ae50d2fdd7860ade2180",
                "sha256:5bd3cca1f2aa5dbcf39e2aa13dd094ea181f48959e1071265de49cc2b82525af",
                "sha256:5c1949bf259a388863ced887c7861da1df681cb2388645766c89fdfd9004c669",
                "sha256:62f26585e8b219cdc909b6a0069efc5e4267e25d4a3770a364ac58024f62a761",
                "sha256:67a561c4d9fb9465ec866177e7aebcad08fe23aaf6fbd692a6fab69088abfc51",
                "sha256:6fb1fd3ab08c0cbc6826a2e0447610c6f09e983a281b919ed721ad32236b8b23",
                "sha256:74a8d21a09f5e025a9a23e7c0fd2c7fe8e7503e4d356c0a2c1486ba010619f09",
                "sha256:79e70b8342a33b52b55d93b3a59223a844962bef479f6a0ea318ebbcadf71505",
                "sha256:7a4be4cbf241afee43f1c3969b9103a41b40bcb3a3f467ab19f891d9bc4642e4",
                "sha256:7c03296b85cb87db865d91da79bf63d5609284fc0cab9472fdd8367bbd830753",
                "sha256:842d08d75d9fe9fb94b18b071090220697f9f184d4547179b60734846461ed59",
                "sha256:864f8f19adbe13b7de11ba15d85d4a428c7e2f344bac110f667676a0ff84924b",
                "sha256:97eea7408db3a5bcce4a55d13245ab3fa566e23b4c67cd227062bb49e26c585d",
                "sha256:a839320bf27d474e52ef8cb16449bb2ce0ba03ca9f44daba6d93fa1d8828e48a",
                "sha256:afe327968aaf13fc143a56a3360cb27d4ad0345e34da12c7290f1b00b8fe9a8b",
                "sha256:b4d4e57f0a63fd0b358eb765063ff661328f69a04494427265950c71b992a39a",
                "sha256:b6354d3760fcd31994a14c89659dee887f1351a06e5dac3c1142307172a79f90",
                "sha256:b693dbb82b3c27a1604a3dff5bfc5418a7e6a781bb795288141e5f80cf3a3492",
                "sha256:bdc6a24e754a555d7316fa4774e64c6c3997d27ed2d1964d55920c7c227bc4ce",
                "sha256:beeefe437218a65322fbd0069eb437e7c98137e08f22c4660ac2dc795c31f8bb",
                "sha256:c5eeac541cefd0bb887a371ef73c62c3cd78535e4887b310626036a7c0a817bb",
                "sha256:c950d682f0952bafcceaf709761da0a32a942272fad381081b51096ffa46cea1",
                "sha256:d9af79d322e735b1fc33404b5765108ae0ff232d4b54666d46730f8ac1a43676",
                "sha256:e53e074b120f2877a35cc6c736b8eb161377caae8925c17688bd46ba56daaa5b",
                "sha256:e965a9c1e9a393b8005031ff52583cedc15b7884fce7deb8b0346388837d6cfe",
                "sha256:f01e060f14b6b57bbb72fc5b4a83ac21c443c9a2ee708e04a10e9192f90a6281",
                "sha256:f1e3ffa1365e8702dc48c8b360fef8d7afeca482809c5e45e653af82ccd088c1",
                "sha256:f6746e6fec103fcd509b96bacdfdaa2fbde9a553245dbada284435173a6f1aef",
                "sha256:f81b0ed2639568bf14749112298f9e4e2b28853dab50a8b357e31798686a036d"
            ],
            "markers": "python_version >= '3.8'",
            "version": "==4.3.0"
        },
        "billiard": {
            "hashes": [
                "sha256:12b641b0c539073fc8d3f5b8b7be998956665c4233c7c1fcd66a7e677c4fb36f",
                "sha256:40b59a4ac8806ba2c2369ea98d876bc6108b051c227baffd928c644d15d8f3cb"
            ],
            "markers": "python_version >= '3.7'",
            "version": "==4.2.1"
        },
        "blinker": {
            "hashes": [
                "sha256:b4ce2265a7abece45e7cc896e98dbebe6cead56bcf805a3d23136d145f5445bf",
                "sha256:ba0efaa9080b619ff2f3459d1d500c57bddea4a6b424b60a91141db6fd2f08bc"
            ],
            "markers": "python_version >= '3.9'",
            "version": "==1.9.0"
        },
        "celery": {
            "hashes": [
                "sha256:0b5761a07057acee94694464ca482416b959568904c9dfa41ce8413a7d65d525",
                "sha256:6c972ae7968c2b5281227f01c3a3f984037d21c5129d07bf3550cc2afc6b10a5"
            ],
            "index": "pypi",
            "markers": "python_version >= '3.8'",
            "version": "==5.5.3"
        },
        "click": {
            "hashes": [
                "sha256:12ff4785d337a1bb490bb7e9c2b1ee5da3112e94a8622f26a6c77f5d2fc6842a",
                "sha256:981153a64e25f12d547d3426c367a4857371575ee7ad18df2a6183ab0545b2a6"
            ],
            "markers": "python_version >= '3.10'",
            "version": "==8.3.1"
        },
        "click-didyoumean": {
            "hashes": [
                "sha256:4f82fdff0dbe64ef8ab2279bd6aa3f6a99c3b28c05aa09cbfc07c9d7fbb5a463",
                "sha256:5c4bb6007cfea5f2fd6583a2fb6701a22a41eb98957e63d0fac41c10e7c3117c"
            ],
            "markers": "python_full_version >= '3.6.2'",
            "version": "==0.3.1"
        },
        "click-plugins": {
            "hashes": [
                "sha256:008d65743833ffc1f5417bf0e78e8d2c23aab04d9745ba817bd3e71b0feb6aa6",
                "sha256:d7af3984a99d243c131aa1a828331e7630f4a88a9741fd05c927b204bcf92261"
            ],
            "version": "==1.1.1.2"
        },
        "click-repl": {
            "hashes": [
                "sha256:17849c23dba3d667247dc4defe1757fff98694e90fe37474f3feebb69ced26a9",
                "sha256:fb7e06deb8da8de86180a33a9da97ac316751c094c6899382da7feeeeb51b812"
            ],
            "markers": "python_version >= '3.6'",
            "version": "==0.3.0"
        },
        "deprecated": {
            "hashes": [
                "sha256:597bfef186b6f60181535a29fbe44865ce137a5079f295b479886c82729d5f3f",
                "sha256:b1b50e0ff0c1fddaa5708a2c6b0a6588bb09b892825ab2b214ac9ea9d92a5223"
            ],
            "markers": "python_version >= '2.7' and python_version not in '3.0, 3.1, 3.2, 3.3'",
            "version": "==1.3.1"
        },
        "flask": {
            "hashes": [
                "sha256:0ef0e52b8a9cd932855379197dd8f94047b359ca0a78695144304cb45f87c9eb",
                "sha256:f4bcbefc124291925f1a26446da31a5178f9483862233b23c0c96a20701f670c"
            ],
            "index": "pypi",
            "markers": "python_version >= '3.9'",
            "version": "==3.1.3"
        },
        "flask-bcrypt": {
            "hashes": [
                "sha256:062fd991dc9118d05ac0583675507b9fe4670e44416c97e0e6819d03d01f808a",
                "sha256:f07b66b811417ea64eb188ae6455b0b708a793d966e1a80ceec4a23bc42a4369"
            ],
            "index": "pypi",
            "version": "==1.0.1"
        },
        "flask-cors": {
            "hashes": [
                "sha256:c7b2cbfb1a31aa0d2e5341eea03a6805349f7a61647daee1a15c46bbe981494c",
                "sha256:d81bcb31f07b0985be7f48406247e9243aced229b7747219160a0559edd678db"
            ],
            "index": "pypi",
            "markers": "python_version >= '3.9' and python_version < '4.0'",
            "version": "==6.0.1"
        },
        "flask-limiter": {
            "hashes": [
                "sha256:ca11608fc7eec43dcea606964ca07c3bd4ec1ae89043a0f67f717899a4f48106",
                "sha256:e1ae13e06e6b3e39a4902e7d240b901586b25932c2add7bd5f5eeb4bdc11111b"
            ],
            "index": "pypi",
            "markers": "python_version >= '3.10'",
            "version": "==4.1.1"
        },
        "flask-mail": {
            "hashes": [
                "sha256:44083e7b02bbcce792209c06252f8569dd5a325a7aaa76afe7330422bd97881d",
                "sha256:a451e490931bb3441d9b11ebab6812a16bfa81855792ae1bf9c1e1e22c4e51e7"
            ],
            "index": "pypi",
            "markers": "python_version >= '3.8'",
            "version": "==0.10.0"
        },
        "flask-marshmallow": {
            "hashes": [
                "sha256:27a35d0ce5dcba161cc5f2f4764afbc2536c93fa439a793250b827835e3f3be6",
                "sha256:c0a0644b46406851873ab41c1e8a7de3ef27fa69b00b89bf630f1696ec0813a0"
            ],
            "index": "pypi",
            "markers": "python_version >= '3.9'",
            "version": "==1.3.0"
        },
        "flask-sqlalchemy": {
            "hashes": [
                "sha256:4ba4be7f419dc72f4efd8802d69974803c37259dd42f3913b0dcf75c9447e0a0",
                "sha256:e4b68bb881802dda1a7d878b2fc84c06d1ee57fb40b874d3dc97dabfa36b8312"
            ],
            "index": "pypi",
            "markers": "python_version >= '3.8'",
            "version": "==3.1.1"
        },
        "flask-talisman": {
            "hashes": [
                "sha256:3c42b610ebe49b0e35ca150e179bf51aa1da01e4635b49a674868ea681046208",
                "sha256:c5f486f5f54420729f84b3c3850cd63f96e8b033a9629bee66c524ea363797ff"
            ],
            "index": "pypi",
            "version": "==1.1.0"
        },
        "gunicorn": {
            "hashes": [
                "sha256:ec400d38950de4dfd418cff8328b2c8faed0edb0d517d3394e457c317908ca4d",
                "sha256:f014447a0101dc57e294f6c18ca6b40227a4c90e9bdb586042628030cba004ec"
            ],
            "index": "pypi",
            "markers": "python_version >= '3.7'",
            "version": "==23.0.0"
        },
        "itsdangerous": {
            "hashes": [
                "sha256:c6242fc49e35958c8b15141343aa660db5fc54d4f13a1db01a3f5891b98700ef",
                "sha256:e0050c0b7da1eea53ffaf149c0cfbb5c6e2e2b69c4bef22c81fa6eb73e5f6173"
            ],
            "markers": "python_version >= '3.8'",
            "version": "==2.2.0"
        },
        "jinja2": {
            "hashes": [
                "sha256:0137fb05990d35f1275a587e9aee6d56da821fc83491a0fb838183be43f66d6d",
                "sha256:85ece4451f492d0c13c5dd7c13a64681a86afae63a5f347908daf103ce6d2f67"
            ],
            "markers": "python_version >= '3.7'",
            "version": "==3.1.6"
        },
        "kombu": {
            "hashes": [
                "sha256:886600168275ebeada93b888e831352fe578168342f0d1d5833d88ba0d847363",
                "sha256:a12ed0557c238897d8e518f1d1fdf84bd1516c5e305af2dacd85c2015115feb8"
            ],
            "markers": "python_version >= '3.8'",
            "version": "==5.5.4"
        },
        "limits": {
            "hashes": [
                "sha256:ae1b008a43eb43073c3c579398bd4eb4c795de60952532dc24720ab45e1ac6b8",
                "sha256:c9e0d74aed837e8f6f50d1fcebcf5fd8130957287206bc3799adaee5092655da"
            ],
            "markers": "python_version >= '3.10'",
            "version": "==5.8.0"
        },
        "markupsafe": {
            "hashes": [
                "sha256:0303439a41979d9e74d18ff5e2dd8c43ed6c6001fd40e5bf2e43f7bd9bbc523f",
                "sha256:068f375c472b3e7acbe2d5318dea141359e6900156b5b2ba06a30b169086b91a",
                "sha256:0bf2a864d67e76e5c9a34dc26ec616a66b9888e25e7b9460e1c76d3293bd9dbf",
                "sha256:0db14f5dafddbb6d9208827849fad01f1a2609380add406671a26386cdf15a19",
                "sha256:0eb9ff8191e8498cca014656ae6b8d61f39da5f95b488805da4bb029cccbfbaf",
                "sha256:0f4b68347f8c5eab4a13419215bdfd7f8c9b19f2b25520968adfad23eb0ce60c",
                "sha256:1085e7fbddd3be5f89cc898938f42c0b3c711fdcb37d75221de2666af647c175",
                "sha256:116bb52f642a37c115f517494ea5feb03889e04df47eeff5b130b1808ce7c219",
                "sha256:12c63dfb4a98206f045aa9563db46507995f7ef6d83b2f68eda65c307c6829eb",
                "sha256:133a43e73a802c5562be9bbcd03d090aa5a1fe899db609c29e8c8d815c5f6de6",
                "sha256:1353ef0c1b138e1907ae78e2f6c63ff67501122006b0f9abad68fda5f4ffc6ab",
                "sha256:15d939a21d546304880945ca1ecb8a039db6b4dc49b2c5a400387cdae6a62e26",
                "sha256:177b5253b2834fe3678cb4a5f0059808258584c559193998be2601324fdeafb1",
                "sha256:1872df69a4de6aead3491198eaf13810b565bdbeec3ae2dc8780f14458ec73ce",
                "sha256:1b4b79e8ebf6b55351f0d91fe80f893b4743f104bff22e90697db1590e47a218",
                "sha256:1b52b4fb9df4eb9ae465f8d0c228a00624de2334f216f178a995ccdcf82c4634",
                "sha256:1ba88449deb3de88bd40044603fafffb7bc2b055d626a330323a9ed736661695",
                "sha256:1cc7ea17a6824959616c525620e387f6dd30fec8cb44f649e31712db02123dad",
                "sha256:218551f6df4868a8d527e3062d0fb968682fe92054e89978594c28e642c43a73",
                "sha256:26a5784ded40c9e318cfc2bdb30fe164bdb8665ded9cd64d500a34fb42067b1c",
                "sha256:2713baf880df847f2bece4230d4d094280f4e67b1e813eec43b4c0e144a34ffe",
                "sha256:2a15a08b17dd94c53a1da0438822d70ebcd13f8c3a95abe3a9ef9f11a94830aa",
                "sha256:2f981d352f04553a7171b8e44369f2af4055f888dfb147d55e42d29e29e74559",
                "sha256:32001d6a8fc98c8cb5c947787c5d08b0a50663d139f1305bac5885d98d9b40fa",
                "sha256:3524b778fe5cfb3452a09d31e7b5adefeea8c5be1d43c4f810ba09f2ceb29d37",
                "sha256:3537e01efc9d4dccdf77221fb1cb3b8e1a38d5428920e0657ce299b20324d758",
                "sha256:35add3b638a5d900e807944a078b51922212fb3dedb01633a8defc4b01a3c85f",
                "sha256:38664109c14ffc9e7437e86b4dceb442b0096dfe3541d7864d9cbe1da4cf36c8",
                "sha256:3a7e8ae81ae39e62a41ec302f972ba6ae23a5c5396c8e60113e9066ef893da0d",
                "sha256:3b562dd9e9ea93f13d53989d23a7e775fdfd1066c33494ff43f5418bc8c58a5c",
                "sha256:457a69a9577064c05a97c41f4e65148652db078a3a509039e64d3467b9e7ef97",
                "sha256:4bd4cd07944443f5a265608cc6aab442e4f74dff8088b0dfc8238647b8f6ae9a",
                "sha256:4e885a3d1efa2eadc93c894a21770e4bc67899e3543680313b09f139e149ab19",
                "sha256:4faffd047e07c38848ce017e8725090413cd80cbc23d86e55c587bf979e579c9",
                "sha256:509fa21c6deb7a7a273d629cf5ec029bc209d1a51178615ddf718f5918992ab9",
                "sha256:5678211cb9333a6468fb8d8be0305520aa073f50d17f089b5b4b477ea6e67fdc",
                "sha256:591ae9f2a647529ca990bc681daebdd52c8791ff06c2bfa05b65163e28102ef2",
                "sha256:5a7d5dc5140555cf21a6fefbdbf8723f06fcd2f63ef108f2854de715e4422cb4",
                "sha256:69c0b73548bc525c8cb9a251cddf1931d1db4d2258e9599c28c07ef3580ef354",
                "sha256:6b5420a1d9450023228968e7e6a9ce57f65d148ab56d2313fcd589eee96a7a50",
                "sha256:722695808f4b6457b320fdc131280796bdceb04ab50fe1795cd540799ebe1698",
                "sha256:729586769a26dbceff69f7a7dbbf59ab6572b99d94576a5592625d5b411576b9",
                "sha256:77f0643abe7495da77fb436f50f8dab76dbc6e5fd25d39589a0f1fe6548bfa2b",
                "sha256:795e7751525cae078558e679d646ae45574b47ed6e7771863fcc079a6171a0fc",
                "sha256:7be7b61bb172e1ed687f1754f8e7484f1c8019780f6f6b0786e76bb01c2ae115",
                "sha256:7c3fb7d25180895632e5d3148dbdc29ea38ccb7fd210aa27acbd1201a1902c6e",
                "sha256:7e68f88e5b8799aa49c85cd116c932a1ac15caaa3f5db09087854d218359e485",
                "sha256:83891d0e9fb81a825d9a6d61e3f07550ca70a076484292a70fde82c4b807286f",
                "sha256:8485f406a96febb5140bfeca44a73e3ce5116b2501ac54fe953e488fb1d03b12",
                "sha256:8709b08f4a89aa7586de0aadc8da56180242ee0ada3999749b183aa23df95025",
                "sha256:8f71bc33915be5186016f675cd83a1e08523649b0e33efdb898db577ef5bb009",
                "sha256:915c04ba3851909ce68ccc2b8e2cd691618c4dc4c4232fb7982bca3f41fd8c3d",
                "sha256:949b8d66bc381ee8b007cd945914c721d9aba8e27f71959d750a46f7c282b20b",
                "sha256:94c6f0bb423f739146aec64595853541634bde58b2135f27f61c1ffd1cd4d16a",
                "sha256:9a1abfdc021a164803f4d485104931fb8f8c1efd55bc6b748d2f5774e78b62c5",
                "sha256:9b79b7a16f7fedff2495d684f2b59b0457c3b493778c9eed31111be64d58279f",
                "sha256:a320721ab5a1aba0a233739394eb907f8c8da5c98c9181d1161e77a0c8e36f2d",
                "sha256:a4afe79fb3de0b7097d81da19090f4df4f8d3a2b3adaa8764138aac2e44f3af1",
                "sha256:ad2cf8aa28b8c020ab2fc8287b0f823d0a7d8630784c31e9ee5edea20f406287",
                "sha256:b8512a91625c9b3da6f127803b166b629725e68af71f8184ae7e7d54686a56d6",
                "sha256:bc51efed119bc9cfdf792cdeaa4d67e8f6fcccab66ed4bfdd6bde3e59bfcbb2f",
                "sha256:bdc919ead48f234740ad807933cdf545180bfbe9342c2bb451556db2ed958581",
                "sha256:bdd37121970bfd8be76c5fb069c7751683bdf373db1ed6c010162b2a130248ed",
                "sha256:be8813b57049a7dc738189df53d69395eba14fb99345e0a5994914a3864c8a4b",
                "sha256:c0c0b3ade1c0b13b936d7970b1d37a57acde9199dc2aecc4c336773e1d86049c",
                "sha256:c47a551199eb8eb2121d4f0f15ae0f923d31350ab9280078d1e5f12b249e0026",
                "sha256:c4ffb7ebf07cfe8931028e3e4c85f0357459a3f9f9490886198848f4fa002ec8",
                "sha256:ccfcd093f13f0f0b7fdd0f198b90053bf7b2f02a3927a30e63f3ccc9df56b676",
                "sha256:d2ee202e79d8ed691ceebae8e0486bd9a2cd4794cec4824e1c99b6f5009502f6",
                "sha256:d53197da72cc091b024dd97249dfc7794d6a56530370992a5e1a08983ad9230e",
                "sha256:d6dd0be5b5b189d31db7cda48b91d7e0a9795f31430b7f271219ab30f1d3ac9d",
                "sha256:d88b440e37a16e651bda4c7c2b930eb586fd15ca7406cb39e211fcff3bf3017d",
                "sha256:de8a88e63464af587c950061a5e6a67d3632e36df62b986892331d4620a35c01",
                "sha256:df2449253ef108a379b8b5d6b43f4b1a8e81a061d6537becd5582fba5f9196d7",
                "sha256:e1c1493fb6e50ab01d20a22826e57520f1284df32f2d8601fdd90b6304601419",
                "sha256:e1cf1972137e83c5d4c136c43ced9ac51d0e124706ee1c8aa8532c1287fa8795",
                "sha256:e2103a929dfa2fcaf9bb4e7c091983a49c9ac3b19c9061b6d5427dd7d14d81a1",
                "sha256:e56b7d45a839a697b5eb268c82a71bd8c7f6c94d6fd50c3d577fa39a9f1409f5",
                "sha256:e8afc3f2ccfa24215f8cb28dcf43f0113ac3c37c2f0f0806d8c70e4228c5cf4d",
                "sha256:e8fc20152abba6b83724d7ff268c249fa196d8259ff481f3b1476383f8f24e42",
                "sha256:eaa9599de571d72e2daf60164784109f19978b327a3910d3e9de8c97b5b70cfe",
                "sha256:ec15a59cf5af7be74194f7ab02d0f59a62bdcf1a537677ce67a2537c9b87fcda",
                "sha256:f190daf01f13c72eac4efd5c430a8de82489d9cff23c364c3ea822545032993e",
                "sha256:f34c41761022dd093b4b6896d4810782ffbabe30f2d443ff5f083e0cbbb8c737",
                "sha256:f3e98bb3798ead92273dc0e5fd0f31ade220f59a266ffd8a4f6065e0a3ce0523",
                "sha256:f42d0984e947b8adf7dd6dde396e720934d12c506ce84eea8476409563607591",
                "sha256:f71a396b3bf33ecaa1626c255855702aca4d3d9fea5e051b41ac59a9c1c41edc",
                "sha256:f9e130248f4462aaa8e2552d547f36ddadbeaa573879158d721bbd33dfe4743a",
                "sha256:fed51ac40f757d41b7c48425901843666a6677e3e8eb0abcff09e4ba6e664f50"
            ],
            "markers": "python_version >= '3.9'",
            "version": "==3.0.3"
        },
        "marshmallow": {
            "hashes": [
                "sha256:3b6e80aac299a7935cfb97ed01d1854fb90b5079430969af92118ea1b12a8d55",
                "sha256:e7b0528337e9990fd64950f8a6b3a1baabed09ad17a0dfb844d701151f92d203"
            ],
            "markers": "python_version >= '3.9'",
            "version": "==4.0.0"
        },
        "marshmallow-sqlalchemy": {
            "hashes": [
                "sha256:6410304bf98ec26ea35f3f9d3cee82e51fd093c434612add32a0bdcdb5668f7c",
                "sha256:65aee301c4601e76a2fdb02764a65c18913afba2a3506a326c625d13ab405b40"
            ],
            "index": "pypi",
            "markers": "python_version >= '3.9'",
            "version": "==1.4.2"
        },
        "ordered-set": {
            "hashes": [
                "sha256:046e1132c71fcf3330438a539928932caf51ddbc582496833e23de611de14562",
                "sha256:694a8e44c87657c59292ede72891eb91d34131f6531463aab3009191c77364a8"
            ],
            "markers": "python_version >= '3.7'",
            "version": "==4.1.0"
        },
        "packaging": {
            "hashes": [
                "sha256:00243ae351a257117b6a241061796684b084ed1c516a08c48a3f7e147a9d80b4",
                "sha256:b36f1fef9334a5588b4166f8bcd26a14e521f2b55e6b9de3aaa80d3ff7a37529"
            ],
            "markers": "python_version >= '3.8'",
            "version": "==26.0"
        },
        "prompt-toolkit": {
            "hashes": [
                "sha256:52742911fde84e2d423e2f9a4cf1de7d7ac4e51958f648d9540e0fb8db077b07",
                "sha256:931a162e3b27fc90c86f1b48bb1fb2c528c2761475e57c9c06de13311c7b54ed"
            ],
            "markers": "python_version >= '3.8'",
            "version": "==3.0.51"
        },
        "psycopg2-binary": {
            "hashes": [
                "sha256:04392983d0bb89a8717772a193cfaac58871321e3ec69514e1c4e0d4957b5aff",
                "sha256:056470c3dc57904bbf63d6f534988bafc4e970ffd50f6271fc4ee7daad9498a5",
                "sha256:0ea8e3d0ae83564f2fc554955d327fa081d065c8ca5cc6d2abb643e2c9c1200f",
                "sha256:155e69561d54d02b3c3209545fb08938e27889ff5a10c19de8d23eb5a41be8a5",
                "sha256:18c5ee682b9c6dd3696dad6e54cc7ff3a1a9020df6a5c0f861ef8bfd338c3ca0",
                "sha256:19721ac03892001ee8fdd11507e6a2e01f4e37014def96379411ca99d78aeb2c",
                "sha256:1a6784f0ce3fec4edc64e985865c17778514325074adf5ad8f80636cd029ef7c",
                "sha256:2286791ececda3a723d1910441c793be44625d86d1a4e79942751197f4d30341",
                "sha256:230eeae2d71594103cd5b93fd29d1ace6420d0b86f4778739cb1a5a32f607d1f",
                "sha256:245159e7ab20a71d989da00f280ca57da7641fa2cdcf71749c193cea540a74f7",
                "sha256:26540d4a9a4e2b096f1ff9cce51253d0504dca5a85872c7f7be23be5a53eb18d",
                "sha256:270934a475a0e4b6925b5f804e3809dd5f90f8613621d062848dd82f9cd62007",
                "sha256:27422aa5f11fbcd9b18da48373eb67081243662f9b46e6fd07c3eb46e4535142",
                "sha256:2ad26b467a405c798aaa1458ba09d7e2b6e5f96b1ce0ac15d82fd9f95dc38a92",
                "sha256:2b3d2491d4d78b6b14f76881905c7a8a8abcf974aad4a8a0b065273a0ed7a2cb",
                "sha256:2ce3e21dc3437b1d960521eca599d57408a695a0d3c26797ea0f72e834c7ffe5",
                "sha256:30e34c4e97964805f715206c7b789d54a78b70f3ff19fbe590104b71c45600e5",
                "sha256:3216ccf953b3f267691c90c6fe742e45d890d8272326b4a8b20850a03d05b7b8",
                "sha256:32581b3020c72d7a421009ee1c6bf4a131ef5f0a968fab2e2de0c9d2bb4577f1",
                "sha256:35958ec9e46432d9076286dda67942ed6d968b9c3a6a2fd62b48939d1d78bf68",
                "sha256:3abb691ff9e57d4a93355f60d4f4c1dd2d68326c968e7db17ea96df3c023ef73",
                "sha256:3c18f74eb4386bf35e92ab2354a12c17e5eb4d9798e4c0ad3a00783eae7cd9f1",
                "sha256:3c4745a90b78e51d9ba06e2088a2fe0c693ae19cc8cb051ccda44e8df8a6eb53",
                "sha256:3c4ded1a24b20021ebe677b7b08ad10bf09aac197d6943bfe6fec70ac4e4690d",
                "sha256:3e9c76f0ac6f92ecfc79516a8034a544926430f7b080ec5a0537bca389ee0906",
                "sha256:48b338f08d93e7be4ab2b5f1dbe69dc5e9ef07170fe1f86514422076d9c010d0",
                "sha256:4b3df0e6990aa98acda57d983942eff13d824135fe2250e6522edaa782a06de2",
                "sha256:512d29bb12608891e349af6a0cccedce51677725a921c07dba6342beaf576f9a",
                "sha256:5a507320c58903967ef7384355a4da7ff3f28132d679aeb23572753cbf2ec10b",
                "sha256:5c370b1e4975df846b0277b4deba86419ca77dbc25047f535b0bb03d1a544d44",
                "sha256:6b269105e59ac96aba877c1707c600ae55711d9dcd3fc4b5012e4af68e30c648",
                "sha256:6d4fa1079cab9018f4d0bd2db307beaa612b0d13ba73b5c6304b9fe2fb441ff7",
                "sha256:6dc08420625b5a20b53551c50deae6e231e6371194fa0651dbe0fb206452ae1f",
                "sha256:73aa0e31fa4bb82578f3a6c74a73c273367727de397a7a0f07bd83cbea696baa",
                "sha256:7559bce4b505762d737172556a4e6ea8a9998ecac1e39b5233465093e8cee697",
                "sha256:79625966e176dc97ddabc142351e0409e28acf4660b88d1cf6adb876d20c490d",
                "sha256:7a813c8bdbaaaab1f078014b9b0b13f5de757e2b5d9be6403639b298a04d218b",
                "sha256:7b2c956c028ea5de47ff3a8d6b3cc3330ab45cf0b7c3da35a2d6ff8420896526",
                "sha256:7f4152f8f76d2023aac16285576a9ecd2b11a9895373a1f10fd9db54b3ff06b4",
                "sha256:7f5d859928e635fa3ce3477704acee0f667b3a3d3e4bb109f2b18d4005f38287",
                "sha256:851485a42dbb0bdc1edcdabdb8557c09c9655dfa2ca0460ff210522e073e319e",
                "sha256:8608c078134f0b3cbd9f89b34bd60a943b23fd33cc5f065e8d5f840061bd0673",
                "sha256:880845dfe1f85d9d5f7c412efea7a08946a46894537e4e5d091732eb1d34d9a0",
                "sha256:8aabf1c1a04584c168984ac678a668094d831f152859d06e055288fa515e4d30",
                "sha256:8aecc5e80c63f7459a1a2ab2c64df952051df196294d9f739933a9f6687e86b3",
                "sha256:8cd9b4f2cfab88ed4a9106192de509464b75a906462fb846b936eabe45c2063e",
                "sha256:8de718c0e1c4b982a54b41779667242bc630b2197948405b7bd8ce16bcecac92",
                "sha256:9440fa522a79356aaa482aa4ba500b65f28e5d0e63b801abf6aa152a29bd842a",
                "sha256:b5f86c56eeb91dc3135b3fd8a95dc7ae14c538a2f3ad77a19645cf55bab1799c",
                "sha256:b73d6d7f0ccdad7bc43e6d34273f70d587ef62f824d7261c4ae9b8b1b6af90e8",
                "sha256:bb89f0a835bcfc1d42ccd5f41f04870c1b936d8507c6df12b7737febc40f0909",
                "sha256:c3cc28a6fd5a4a26224007712e79b81dbaee2ffb90ff406256158ec4d7b52b47",
                "sha256:ce5ab4bf46a211a8e924d307c1b1fcda82368586a19d0a24f8ae166f5c784864",
                "sha256:d00924255d7fc916ef66e4bf22f354a940c67179ad3fd7067d7a0a9c84d2fbfc",
                "sha256:d7cd730dfa7c36dbe8724426bf5612798734bff2d3c3857f36f2733f5bfc7c00",
                "sha256:e217ce4d37667df0bc1c397fdcd8de5e81018ef305aed9415c3b093faaeb10fb",
                "sha256:e3923c1d9870c49a2d44f795df0c889a22380d36ef92440ff618ec315757e539",
                "sha256:e5720a5d25e3b99cd0dc5c8a440570469ff82659bb09431c1439b92caf184d3b",
                "sha256:e8b58f0a96e7a1e341fc894f62c1177a7c83febebb5ff9123b579418fdc8a481",
                "sha256:e984839e75e0b60cfe75e351db53d6db750b00de45644c5d1f7ee5d1f34a1ce5",
                "sha256:eb09aa7f9cecb45027683bb55aebaaf45a0df8bf6de68801a6afdc7947bb09d4",
                "sha256:ec8a77f521a17506a24a5f626cb2aee7850f9b69a0afe704586f63a464f3cd64",
                "sha256:ecced182e935529727401b24d76634a357c71c9275b356efafd8a2a91ec07392",
                "sha256:ee0e8c683a7ff25d23b55b11161c2663d4b099770f6085ff0a20d4505778d6b4",
                "sha256:f0c2d907a1e102526dd2986df638343388b94c33860ff3bbe1384130828714b1",
                "sha256:f758ed67cab30b9a8d2833609513ce4d3bd027641673d4ebc9c067e4d208eec1",
                "sha256:f8157bed2f51db683f31306aa497311b560f2265998122abe1dce6428bd86567",
                "sha256:ffe8ed017e4ed70f68b7b371d84b7d4a790368db9203dfc2d222febd3a9c8863"
            ],
            "index": "pypi",
            "markers": "python_version >= '3.8'",
            "version": "==2.9.10"
        },
        "pyjwt": {
            "hashes": [
                "sha256:3cc5772eb20009233caf06e9d8a0577824723b44e6648ee0a2aedb6cf9381953",
                "sha256:dcdd193e30abefd5debf142f9adfcdd2b58004e644f25406ffaebd50bd98dacb"
            ],
            "index": "pypi",
            "markers": "python_version >= '3.9'",
            "version": "==2.10.1"
        },
        "python-dateutil": {
            "hashes": [
                "sha256:37dd54208da7e1cd875388217d5e00ebd4179249f90fb72437e91a35459a0ad3",
                "sha256:a8b2bc7bffae282281c8140a97d3aa9c14da0b136dfe83f850eea9a5f7470427"
            ],
            "markers": "python_version >= '2.7' and python_version not in '3.0, 3.1, 3.2'",
            "version": "==2.9.0.post0"
        },
        "redis": {
            "hashes": [
                "sha256:c8ddf316ee0aab65f04a11229e94a64b2618451dab7a67cb2f77eb799d872d5e",
                "sha256:e821f129b75dde6cb99dd35e5c76e8c49512a5a0d8dfdc560b2fbd44b85ca977"
            ],
            "index": "pypi",
            "markers": "python_version >= '3.9'",
            "version": "==6.2.0"
        },
        "six": {
            "hashes": [
                "sha256:4721f391ed90541fddacab5acf947aa0d3dc7d27b2e1e8eda2be8970586c3274",
                "sha256:ff70335d468e7eb6ec65b95b99d3a2836546063f63acc5171de367e834932a81"
            ],
            "markers": "python_version >= '2.7' and python_version not in '3.0, 3.1, 3.2'",
            "version": "==1.17.0"
        },
        "sqlalchemy": {
            "hashes": [
                "sha256:023b3ee6169969beea3bb72312e44d8b7c27c75b347942d943cf49397b7edeb5",
                "sha256:03968a349db483936c249f4d9cd14ff2c296adfa1290b660ba6516f973139582",
                "sha256:05132c906066142103b83d9c250b60508af556982a385d96c4eaa9fb9720ac2b",
                "sha256:087b6b52de812741c27231b5a3586384d60c353fbd0e2f81405a814b5591dc8b",
                "sha256:0b3dbf1e7e9bc95f4bac5e2fb6d3fb2f083254c3fdd20a1789af965caf2d2348",
                "sha256:118c16cd3f1b00c76d69343e38602006c9cfb9998fa4f798606d28d63f23beda",
                "sha256:1936af879e3db023601196a1684d28e12f19ccf93af01bf3280a3262c4b6b4e5",
                "sha256:1e3f196a0c59b0cae9a0cd332eb1a4bda4696e863f4f1cf84ab0347992c548c2",
                "sha256:23a8825495d8b195c4aa9ff1c430c28f2c821e8c5e2d98089228af887e5d7e29",
                "sha256:293cd444d82b18da48c9f71cd7005844dbbd06ca19be1ccf6779154439eec0b8",
                "sha256:32f9dc8c44acdee06c8fc6440db9eae8b4af8b01e4b1aee7bdd7241c22edff4f",
                "sha256:34ea30ab3ec98355235972dadc497bb659cc75f8292b760394824fab9cf39826",
                "sha256:3d3549fc3e40667ec7199033a4e40a2f669898a00a7b18a931d3efb4c7900504",
                "sha256:41836fe661cc98abfae476e14ba1906220f92c4e528771a8a3ae6a151242d2ae",
                "sha256:4d44522480e0bf34c3d63167b8cfa7289c1c54264c2950cc5fc26e7850967e45",
                "sha256:4eeb195cdedaf17aab6b247894ff2734dcead6c08f748e617bfe05bd5a218443",
                "sha256:4f67766965996e63bb46cfbf2ce5355fc32d9dd3b8ad7e536a920ff9ee422e23",
                "sha256:57df5dc6fdb5ed1a88a1ed2195fd31927e705cad62dedd86b46972752a80f576",
                "sha256:598d9ebc1e796431bbd068e41e4de4dc34312b7aa3292571bb3674a0cb415dd1",
                "sha256:5b14e97886199c1f52c14629c11d90c11fbb09e9334fa7bb5f6d068d9ced0ce0",
                "sha256:5e22575d169529ac3e0a120cf050ec9daa94b6a9597993d1702884f6954a7d71",
                "sha256:60c578c45c949f909a4026b7807044e7e564adf793537fc762b2489d522f3d11",
                "sha256:6145afea51ff0af7f2564a05fa95eb46f542919e6523729663a5d285ecb3cf5e",
                "sha256:6375cd674fe82d7aa9816d1cb96ec592bac1726c11e0cafbf40eeee9a4516b5f",
                "sha256:6854175807af57bdb6425e47adbce7d20a4d79bbfd6f6d6519cd10bb7109a7f8",
                "sha256:6ab60a5089a8f02009f127806f777fca82581c49e127f08413a66056bd9166dd",
                "sha256:725875a63abf7c399d4548e686debb65cdc2549e1825437096a0af1f7e374814",
                "sha256:7492967c3386df69f80cf67efd665c0f667cee67032090fe01d7d74b0e19bb08",
                "sha256:81965cc20848ab06583506ef54e37cf15c83c7e619df2ad16807c03100745dea",
                "sha256:81c24e0c0fde47a9723c81d5806569cddef103aebbf79dbc9fcbb617153dea30",
                "sha256:81eedafa609917040d39aa9332e25881a8e7a0862495fcdf2023a9667209deda",
                "sha256:81f413674d85cfd0dfcd6512e10e0f33c19c21860342a4890c3a2b59479929f9",
                "sha256:8280856dd7c6a68ab3a164b4a4b1c51f7691f6d04af4d4ca23d6ecf2261b7923",
                "sha256:82ca366a844eb551daff9d2e6e7a9e5e76d2612c8564f58db6c19a726869c1df",
                "sha256:8b4af17bda11e907c51d10686eda89049f9ce5669b08fbe71a29747f1e876036",
                "sha256:90144d3b0c8b139408da50196c5cad2a6909b51b23df1f0538411cd23ffa45d3",
                "sha256:906e6b0d7d452e9a98e5ab8507c0da791856b2380fdee61b765632bb8698026f",
                "sha256:90c11ceb9a1f482c752a71f203a81858625d8df5746d787a4786bca4ffdf71c6",
                "sha256:911cc493ebd60de5f285bcae0491a60b4f2a9f0f5c270edd1c4dbaef7a38fc04",
                "sha256:9a420a91913092d1e20c86a2f5f1fc85c1a8924dbcaf5e0586df8aceb09c9cc2",
                "sha256:9f8c9fdd15a55d9465e590a402f42082705d66b05afc3ffd2d2eb3c6ba919560",
                "sha256:a104c5694dfd2d864a6f91b0956eb5d5883234119cb40010115fd45a16da5e70",
                "sha256:a373a400f3e9bac95ba2a06372c4fd1412a7cee53c37fc6c05f829bf672b8769",
                "sha256:a62448526dd9ed3e3beedc93df9bb6b55a436ed1474db31a2af13b313a70a7e1",
                "sha256:a8808d5cf866c781150d36a3c8eb3adccfa41a8105d031bf27e92c251e3969d6",
                "sha256:b1f09b6821406ea1f94053f346f28f8215e293344209129a9c0fcc3578598d7b",
                "sha256:b2ac41acfc8d965fb0c464eb8f44995770239668956dc4cdf502d1b1ffe0d747",
                "sha256:b46fa6eae1cd1c20e6e6f44e19984d438b6b2d8616d21d783d150df714f44078",
                "sha256:b50eab9994d64f4a823ff99a0ed28a6903224ddbe7fef56a6dd865eec9243440",
                "sha256:bfc9064f6658a3d1cadeaa0ba07570b83ce6801a1314985bf98ec9b95d74e15f",
                "sha256:c0b0e5e1b5d9f3586601048dd68f392dc0cc99a59bb5faf18aab057ce00d00b2",
                "sha256:c153265408d18de4cc5ded1941dcd8315894572cddd3c58df5d5b5705b3fa28d",
                "sha256:d4ae769b9c1c7757e4ccce94b0641bc203bbdf43ba7a2413ab2523d8d047d8dc",
                "sha256:dc56c9788617b8964ad02e8fcfeed4001c1f8ba91a9e1f31483c0dffb207002a",
                "sha256:dd5ec3aa6ae6e4d5b5de9357d2133c07be1aff6405b136dad753a16afb6717dd",
                "sha256:edba70118c4be3c2b1f90754d308d0b79c6fe2c0fdc52d8ddf603916f83f4db9",
                "sha256:ff8e80c4c4932c10493ff97028decfdb622de69cae87e0f127a7ebe32b4069c6"
            ],
            "markers": "python_version >= '3.7'",
            "version": "==2.0.41"
        },
        "typing-extensions": {
            "hashes": [
                "sha256:0cea48d173cc12fa28ecabc3b837ea3cf6f38c6d1136f85cbaaf598984861466",
                "sha256:f0fa19c6845758ab08074a0cfa8b7aecb71c999ca73d62883bc25cc018c4e548"
            ],
            "markers": "python_version >= '3.9'",
            "version": "==4.15.0"
        },
        "tzdata": {
            "hashes": [
                "sha256:1a403fada01ff9221ca8044d701868fa132215d84beb92242d9acd2147f667a8",
                "sha256:b60a638fcc0daffadf82fe0f57e53d06bdec2f36c4df66280ae79bce6bd6f2b9"
            ],
            "markers": "python_version >= '3.9'",
            "version": "==2025.2"
        },
        "vine": {
            "hashes": [
                "sha256:40fdf3c48b2cfe1c38a49e9ae2da6fda88e4794c810050a728bd7413811fb1dc",
                "sha256:8b62e981d35c41049211cf62a0a1242d8c1ee9bd15bb196ce38aefd6799e61e0"
            ],
            "markers": "python_version >= '3.6'",
            "version": "==5.1.0"
        },
        "wcwidth": {
            "hashes": [
                "sha256:3da69048e4540d84af32131829ff948f1e022c1c6bdb8d6102117aac784f6859",
                "sha256:72ea0c06399eb286d978fdedb6923a9eb47e1c486ce63e9b4e64fc18303972b5"
            ],
            "version": "==0.2.13"
        },
        "werkzeug": {
            "hashes": [
                "sha256:210c6bede5a420a913956b4791a7f4d6843a43b6fcee4dfa08a65e93007d0d25",
                "sha256:7ddf3357bb9564e407607f988f683d72038551200c704012bb9a4c523d42f131"
            ],
            "markers": "python_version >= '3.9'",
            "version": "==3.1.6"
        },
        "wrapt": {
            "hashes": [
                "sha256:05c0db35ccffd7480143e62df1e829d101c7b86944ae3be7e4869a7efa621f53",
                "sha256:0bb7207130ce6486727baa85373503bf3334cc28016f6928a0fa7e19d7ecdc06",
                "sha256:0c2ec9f616755b2e1e0bf4d0961f59bb5c2e7a77407e7e2c38ef4f7d2fdde12c",
                "sha256:0cb4f59238c6625fae2eeb72278da31c9cfba0ff4d9cbe37446b73caa0e9bcf7",
                "sha256:0d89c49356e5e2a50fa86b40e0510082abcd0530f926cbd71cf25bee6b9d82d7",
                "sha256:0ddf582a95641b9a8c8bd643e83f34ecbbfe1b68bc3850093605e469ab680ae3",
                "sha256:0fdf3073f488ce4d929929b7799e3b8c52b220c9eb3f4a5a51e2dc0e8ff07881",
                "sha256:106c5123232ab9b9f4903692e1fa0bdc231510098f04c13c3081f8ad71c3d612",
                "sha256:1a40b83ff2535e6e56f190aff123821eea89a24c589f7af33413b9c19eb2c738",
                "sha256:1b9e08e57cabc32972f7c956d10e85093c5da9019faa24faf411e7dd258e528c",
                "sha256:203ba6b3f89e410e27dbd30ff7dccaf54dcf30fda0b22aa1b82d560c7f9fe9a1",
                "sha256:2b27c070fd1132ab23957bcd4ee3ba707a91e653a9268dc1afbd39b77b2799f7",
                "sha256:2d9b076411bed964e752c01b49fd224cc385f3a96f520c797d38412d70d08359",
                "sha256:39c35e12e8215628984248bd9c8897ce0a474be2a773db207eb93414219d8469",
                "sha256:3b0f4629eb954394a3d7c7a1c8cca25f0b07cefe6aa8545e862e9778152de5b7",
                "sha256:3c59e103017a2c1ea0ddf589cbefd63f91081d7ce9d491d69ff2512bb1157e23",
                "sha256:428cfc801925454395aa468ba7ddb3ed63dc0d881df7b81626cdd433b4e2b11b",
                "sha256:45c5631c9b6c792b78be2d7352129f776dd72c605be2c3a4e9be346be8376d83",
                "sha256:4814a3e58bc6971e46baa910ecee69699110a2bf06c201e24277c65115a20c20",
                "sha256:4aa4baadb1f94b71151b8e44a0c044f6af37396c3b8bcd474b78b49e2130a23b",
                "sha256:4ad839b55f0bf235f8e337ce060572d7a06592592f600f3a3029168e838469d3",
                "sha256:4aeea04a9889370fcfb1ef828c4cc583f36a875061505cd6cd9ba24d8b43cc36",
                "sha256:5797f65e4d58065a49088c3b32af5410751cd485e83ba89e5a45e2aa8905af98",
                "sha256:5a2db44a71202c5ae4bb5f27c6d3afbc5b23053f2e7e78aa29704541b5dad789",
                "sha256:5d6a2068bd2e1e19e5a317c8c0b288267eec4e7347c36bc68a6e378a39f19ee7",
                "sha256:5fdcb09bf6db023d88f312bd0767594b414655d58090fc1c46b3414415f67fac",
                "sha256:63decff76ca685b5c557082dfbea865f3f5f6d45766a89bff8dc61d336348833",
                "sha256:66bc1b2446f01cbbd3c56b79a3a8435bcd4178ac4e06b091913f7751a7f528b8",
                "sha256:67c90c1ae6489a6cb1a82058902caa8006706f7b4e8ff766f943e9d2c8e608d0",
                "sha256:69c26f51b67076b40714cff81bdd5826c0b10c077fb6b0678393a6a2f952a5fc",
                "sha256:6c366434a7fb914c7a5de508ed735ef9c133367114e1a7cb91dfb5cd806a1549",
                "sha256:6f9426d9cfc2f8732922fc96198052e55c09bb9db3ddaa4323a18e055807410e",
                "sha256:75128507413a9f1bcbe2db88fd18fbdbf80f264b82fa33a6996cdeaf01c52352",
                "sha256:76e9af3ebd86f19973143d4d592cbf3e970cf3f66ddee30b16278c26ae34b8ab",
                "sha256:789cea26e740d71cf1882e3a42bb29052bc4ada15770c90072cb47bf73fb3dbf",
                "sha256:7c0300007836373d1c2df105b40777986accb738053a92fe09b615a7a4547e9f",
                "sha256:7d2756061022aebbf57ba14af9c16e8044e055c22d38de7bf40d92b565ecd2b0",
                "sha256:7d79954f51fcf84e5ec4878ab4aea32610d70145c5bbc84b3370eabfb1e096c2",
                "sha256:7e927375e43fd5a985b27a8992327c22541b6dede1362fc79df337d26e23604f",
                "sha256:7ea74fc0bec172f1ae5f3505b6655c541786a5cabe4bbc0d9723a56ac32eb9b9",
                "sha256:7f794a1c148871b714cb566f5466ec8288e0148a1c417550983864b3981737cd",
                "sha256:81fc5f22d5fcfdbabde96bb3f5379b9f4476d05c6d524d7259dc5dfb501d3281",
                "sha256:860e9d3fd81816a9f4e40812f28be4439ab01f260603c749d14be3c0a1170d19",
                "sha256:891ab4713419217b2aed7dd106c9200f64e6a82226775a0d2ebd6bef2ebd1747",
                "sha256:8b0e36d845e8b6f50949b6b65fc6cd279f47a1944582ed4ec8258cd136d89a64",
                "sha256:8d5350c3590af09c1703dd60ec78a7370c0186e11eaafb9dda025a30eee6492d",
                "sha256:94ded4540cac9125eaa8ddf5f651a7ec0da6f5b9f248fe0347b597098f8ec14c",
                "sha256:951b228ecf66def855d22e006ab9a1fc12535111ae7db2ec576c728f8ddb39e8",
                "sha256:95ef3866631c6da9ce1fc0f1e17b90c4c0aa6d041fc70a11bc90733aee122e1a",
                "sha256:9aa1765054245bb01a37f615503290d4e207e3fd59226e78341afb587e9c1236",
                "sha256:9ccd657873b7f964711447d004563a2bc08d1476d7a1afcad310f3713e6f50f4",
                "sha256:9e03b3d486eb39f5d3f562839f59094dcee30c4039359ea15768dc2214d9e07c",
                "sha256:9e60a30aa0909435ec4ea2a3c53e8e1b50ac9f640c0e9fe3f21fd248a22f06c5",
                "sha256:9fa7c7e1bee9278fc4f5dd8275bc8d25493281a8ec6c61959e37cc46acf02007",
                "sha256:ab8e3793b239db021a18782a5823fcdea63b9fe75d0e340957f5828ef55fcc02",
                "sha256:ac8cda531fe55be838a17c62c806824472bb962b3afa47ecbd59b27b78496f4e",
                "sha256:b2be3fa5f4efaf16ee7c77d0556abca35f5a18ad4ac06f0ef3904c3399010ce9",
                "sha256:b828235d26c1e35aca4107039802ae4b1411be0fe0367dd5b7e4d90e562fcbcd",
                "sha256:b8af75fe20d381dd5bcc9db2e86a86d7fcfbf615383a7147b85da97c1182225b",
                "sha256:ba49c14222d5e5c0ee394495a8655e991dc06cbca5398153aefa5ac08cd6ccd7",
                "sha256:c8ef36a0df38d2dc9d907f6617f89e113c5892e0a35f58f45f75901af0ce7d81",
                "sha256:cbfee35c711046b15147b0ae7db9b976f01c9520e6636d992cd9e69e5e2b03b1",
                "sha256:ce9646e17fa7c3e2e7a87e696c7de66512c2b4f789a8db95c613588985a2e139",
                "sha256:d3ffc6b0efe79e08fd947605fd598515aebefe45e50432dc3b5cd437df8b1ada",
                "sha256:d88b46bb0dce9f74b6817bc1758ff2125e1ca9e1377d62ea35b6896142ab6825",
                "sha256:da0af328373f97ed9bdfea24549ac1b944096a5a71b30e41c9b8b53ab3eec04a",
                "sha256:da815b9263947ac98d088b6414ac83507809a1d385e4632d9489867228d6d81c",
                "sha256:e1c99544b6a7d40ca22195563b6d8bc3986ee8bb82f272f31f0670fe9440c869",
                "sha256:e75ad48c3cca739f580b5e14c052993eb644c7fa5b4c90aa51193280b30875ae",
                "sha256:f4c7dd22cf7f36aafe772f3d88656559205c3af1b7900adfccb70edeb0d2abc4",
                "sha256:f76bc12c583ab01e73ba0ea585465a41e48d968f6d1311b4daec4f8654e356e3",
                "sha256:fc5c500966bf48913f795f1984704e6d452ba2414207b15e1f8c339a059d5b16",
                "sha256:feff14b63a6d86c1eee33a57f77573649f2550935981625be7ff3cb7342efe05",
                "sha256:ff562067485ebdeaef2fa3fe9b1876bc4e7b73762e0a01406ad81e2076edcebf"
            ],
            "markers": "python_version >= '3.9'",
            "version": "==2.1.1"
        }
    },
    "develop": {}
}
